
Microsoft Visual Studio Solution File, Format Version 12.00
# Visual Studio Version 17
VisualStudioVersion = 17.3.32901.215
MinimumVisualStudioVersion = 10.0.40219.1
Project("{FAE04EC0-301F-11D3-BF4B-00C04F79EFBC}") = "Test_BE", "Test_BE\Test_BE.csproj", "{1B7E60D7-1AB8-4880-91DD-1F282197AF11}"
EndProject
Global
	GlobalSection(SolutionConfigurationPlatforms) = preSolution
		Debug|Any CPU = Debug|Any CPU
		Release|Any CPU = Release|Any CPU
	EndGlobalSection
	GlobalSection(ProjectConfigurationPlatforms) = postSolution
		{1B7E60D7-1AB8-4880-91DD-1F282197AF11}.Debug|Any CPU.ActiveCfg = Debug|Any CPU
		{1B7E60D7-1AB8-4880-91DD-1F282197AF11}.Debug|Any CPU.Build.0 = Debug|Any CPU
		{1B7E60D7-1AB8-4880-91DD-1F282197AF11}.Release|Any CPU.ActiveCfg = Release|Any CPU
		{1B7E60D7-1AB8-4880-91DD-1F282197AF11}.Release|Any CPU.Build.0 = Release|Any CPU
	EndGlobalSection
	GlobalSection(SolutionProperties) = preSolution
		HideSolutionNode = FALSE
	EndGlobalSection
	GlobalSection(ExtensibilityGlobals) = postSolution
		SolutionGuid = {2AA2B25B-EB34-4C44-ABB3-BA14B6781824}
	EndGlobalSection
EndGlobal
